
Microsoft Visual Studio Solution File, Format Version 12.00
# Visual Studio Version 17
VisualStudioVersion = 17.3.32929.385
MinimumVisualStudioVersion = 10.0.40219.1
Project("{9A19103F-16F7-4668-BE54-9A1E7A4F7556}") = "Backend", "Backend\Backend.csproj", "{CA75AA00-6B73-426B-93A3-0A9C38BEB4B1}"
EndProject
Project("{54A90642-561A-4BB1-A94E-469ADEE60C69}") = "Frontend", "Frontend\Frontend.esproj", "{3D48435B-EA3D-42AF-A0AC-91EF3289BA97}"
EndProject
Project("{00D1A9C2-B5F0-4AF3-8072-F6C62B433612}") = "MapTaskerDB", "MapTaskerDB\MapTaskerDB.sqlproj", "{FAF3A7B8-869B-4BE0-8972-3CE55B21AEAD}"
EndProject
Project("{9A19103F-16F7-4668-BE54-9A1E7A4F7556}") = "MapTaskerTests", "MapTasker.Tests\MapTaskerTests.csproj", "{D2F296FD-48AA-4DEF-B4A5-4E9EFC49CB5C}"
EndProject
Global
	GlobalSection(SolutionConfigurationPlatforms) = preSolution
		Debug|Any CPU = Debug|Any CPU
		Release|Any CPU = Release|Any CPU
	EndGlobalSection
	GlobalSection(ProjectConfigurationPlatforms) = postSolution
		{CA75AA00-6B73-426B-93A3-0A9C38BEB4B1}.Debug|Any CPU.ActiveCfg = Debug|Any CPU
		{CA75AA00-6B73-426B-93A3-0A9C38BEB4B1}.Debug|Any CPU.Build.0 = Debug|Any CPU
		{CA75AA00-6B73-426B-93A3-0A9C38BEB4B1}.Release|Any CPU.ActiveCfg = Release|Any CPU
		{CA75AA00-6B73-426B-93A3-0A9C38BEB4B1}.Release|Any CPU.Build.0 = Release|Any CPU
		{3D48435B-EA3D-42AF-A0AC-91EF3289BA97}.Debug|Any CPU.ActiveCfg = Debug|Any CPU
		{3D48435B-EA3D-42AF-A0AC-91EF3289BA97}.Debug|Any CPU.Build.0 = Debug|Any CPU
		{3D48435B-EA3D-42AF-A0AC-91EF3289BA97}.Debug|Any CPU.Deploy.0 = Debug|Any CPU
		{3D48435B-EA3D-42AF-A0AC-91EF3289BA97}.Release|Any CPU.ActiveCfg = Release|Any CPU
		{3D48435B-EA3D-42AF-A0AC-91EF3289BA97}.Release|Any CPU.Build.0 = Release|Any CPU
		{3D48435B-EA3D-42AF-A0AC-91EF3289BA97}.Release|Any CPU.Deploy.0 = Release|Any CPU
		{FAF3A7B8-869B-4BE0-8972-3CE55B21AEAD}.Debug|Any CPU.ActiveCfg = Debug|Any CPU
		{FAF3A7B8-869B-4BE0-8972-3CE55B21AEAD}.Debug|Any CPU.Build.0 = Debug|Any CPU
		{FAF3A7B8-869B-4BE0-8972-3CE55B21AEAD}.Debug|Any CPU.Deploy.0 = Debug|Any CPU
		{FAF3A7B8-869B-4BE0-8972-3CE55B21AEAD}.Release|Any CPU.ActiveCfg = Release|Any CPU
		{FAF3A7B8-869B-4BE0-8972-3CE55B21AEAD}.Release|Any CPU.Build.0 = Release|Any CPU
		{FAF3A7B8-869B-4BE0-8972-3CE55B21AEAD}.Release|Any CPU.Deploy.0 = Release|Any CPU
		{D2F296FD-48AA-4DEF-B4A5-4E9EFC49CB5C}.Debug|Any CPU.ActiveCfg = Debug|Any CPU
		{D2F296FD-48AA-4DEF-B4A5-4E9EFC49CB5C}.Debug|Any CPU.Build.0 = Debug|Any CPU
		{D2F296FD-48AA-4DEF-B4A5-4E9EFC49CB5C}.Release|Any CPU.ActiveCfg = Release|Any CPU
		{D2F296FD-48AA-4DEF-B4A5-4E9EFC49CB5C}.Release|Any CPU.Build.0 = Release|Any CPU
	EndGlobalSection
	GlobalSection(SolutionProperties) = preSolution
		HideSolutionNode = FALSE
	EndGlobalSection
	GlobalSection(ExtensibilityGlobals) = postSolution
		SolutionGuid = {30CC385E-1ED4-448E-81F3-EE5857D14AAA}
	EndGlobalSection
EndGlobal
